# THIS IS AN AUTOGENERATED FILE. DO NOT EDIT THIS FILE DIRECTLY.
# yarn lockfile v1


babel-runtime@6.x:
  version "6.26.0"
  resolved "http://registry.npm.taobao.org/babel-runtime/download/babel-runtime-6.26.0.tgz#965c7058668e82b55d7bfe04ff2337bc8b5647fe"
  dependencies:
    core-js "^2.4.0"
    regenerator-runtime "^0.11.0"

core-js@^2.4.0:
  version "2.5.6"
  resolved "http://registry.npm.taobao.org/core-js/download/core-js-2.5.6.tgz#0fe6d45bf3cac3ac364a9d72de7576f4eb221b9d"

regenerator-runtime@^0.11.0:
  version "0.11.1"
  resolved "http://registry.npm.taobao.org/regenerator-runtime/download/regenerator-runtime-0.11.1.tgz#be05ad7f9bf7d22e056f9726cee5017fbf19e2e9"

vant@^1.1.4:
  version "1.1.4"
  resolved "http://registry.npm.taobao.org/vant/download/vant-1.1.4.tgz#8b7e30a150b311f72f261988a002b4966314565d"
  dependencies:
    babel-runtime "6.x"
    vue-lazyload "^1.2.3"

vue-lazyload@^1.2.3:
  version "1.2.3"
  resolved "http://registry.npm.taobao.org/vue-lazyload/download/vue-lazyload-1.2.3.tgz#901f9ec15c7e6ca78781a2bae4a343686bdedb2c"
